
Microsoft Visual Studio Solution File, Format Version 12.00
# Visual Studio Version 17
VisualStudioVersion = 17.4.33213.308
MinimumVisualStudioVersion = 10.0.40219.1
Project("{9A19103F-16F7-4668-BE54-9A1E7A4F7556}") = "Time", "Time\Time.csproj", "{97548CFF-EEAD-4903-9889-E7D51D48FAD0}"
EndProject
Project("{9A19103F-16F7-4668-BE54-9A1E7A4F7556}") = "TestApp", "ConsoleApp1\TestApp.csproj", "{75AA2FEE-3B4B-4018-BD85-B8E1FA2A5F97}"
	ProjectSection(ProjectDependencies) = postProject
		{97548CFF-EEAD-4903-9889-E7D51D48FAD0} = {97548CFF-EEAD-4903-9889-E7D51D48FAD0}
	EndProjectSection
EndProject
Project("{9A19103F-16F7-4668-BE54-9A1E7A4F7556}") = "TimeUnitTests", "TimeUnitTests\TimeUnitTests.csproj", "{6B90111C-444F-4014-B18B-0262237A504A}"
	ProjectSection(ProjectDependencies) = postProject
		{97548CFF-EEAD-4903-9889-E7D51D48FAD0} = {97548CFF-EEAD-4903-9889-E7D51D48FAD0}
	EndProjectSection
EndProject
Global
	GlobalSection(SolutionConfigurationPlatforms) = preSolution
		Debug|Any CPU = Debug|Any CPU
		Release|Any CPU = Release|Any CPU
	EndGlobalSection
	GlobalSection(ProjectConfigurationPlatforms) = postSolution
		{97548CFF-EEAD-4903-9889-E7D51D48FAD0}.Debug|Any CPU.ActiveCfg = Debug|Any CPU
		{97548CFF-EEAD-4903-9889-E7D51D48FAD0}.Debug|Any CPU.Build.0 = Debug|Any CPU
		{97548CFF-EEAD-4903-9889-E7D51D48FAD0}.Release|Any CPU.ActiveCfg = Release|Any CPU
		{97548CFF-EEAD-4903-9889-E7D51D48FAD0}.Release|Any CPU.Build.0 = Release|Any CPU
		{75AA2FEE-3B4B-4018-BD85-B8E1FA2A5F97}.Debug|Any CPU.ActiveCfg = Debug|Any CPU
		{75AA2FEE-3B4B-4018-BD85-B8E1FA2A5F97}.Debug|Any CPU.Build.0 = Debug|Any CPU
		{75AA2FEE-3B4B-4018-BD85-B8E1FA2A5F97}.Release|Any CPU.ActiveCfg = Release|Any CPU
		{75AA2FEE-3B4B-4018-BD85-B8E1FA2A5F97}.Release|Any CPU.Build.0 = Release|Any CPU
		{6B90111C-444F-4014-B18B-0262237A504A}.Debug|Any CPU.ActiveCfg = Debug|Any CPU
		{6B90111C-444F-4014-B18B-0262237A504A}.Debug|Any CPU.Build.0 = Debug|Any CPU
		{6B90111C-444F-4014-B18B-0262237A504A}.Release|Any CPU.ActiveCfg = Release|Any CPU
		{6B90111C-444F-4014-B18B-0262237A504A}.Release|Any CPU.Build.0 = Release|Any CPU
	EndGlobalSection
	GlobalSection(SolutionProperties) = preSolution
		HideSolutionNode = FALSE
	EndGlobalSection
	GlobalSection(ExtensibilityGlobals) = postSolution
		SolutionGuid = {CF3F5493-2517-460C-AFE6-4D31FD766CDB}
	EndGlobalSection
EndGlobal
